
Microsoft Visual Studio Solution File, Format Version 12.00
# Visual Studio Version 16
VisualStudioVersion = 16.0.29009.5
MinimumVisualStudioVersion = 10.0.40219.1
Project("{FAE04EC0-301F-11D3-BF4B-00C04F79EFBC}") = "SOTA.DeviceEmulator", "src\SOTA.DeviceEmulator\SOTA.DeviceEmulator.csproj", "{B2C3F20C-B53B-4DE2-AE34-87BB6D98B099}"
EndProject
Project("{2150E333-8FDC-42A3-9474-1A3956D46DE8}") = "Code", "Code", "{61569584-CC86-438C-A389-720169F1416C}"
EndProject
Project("{2150E333-8FDC-42A3-9474-1A3956D46DE8}") = "Documentation", "Documentation", "{42B9B4A6-2757-4B01-B19D-79DAA0B9FF23}"
	ProjectSection(SolutionItems) = preProject
		LICENSE = LICENSE
		README.md = README.md
	EndProjectSection
EndProject
Project("{9A19103F-16F7-4668-BE54-9A1E7A4F7556}") = "SOTA.DeviceEmulator.Core", "src\SOTA.DeviceEmulator.Core\SOTA.DeviceEmulator.Core.csproj", "{F4B4D2DA-1097-477A-ABBD-4E01532911C0}"
EndProject
Project("{9A19103F-16F7-4668-BE54-9A1E7A4F7556}") = "SOTA.DeviceEmulator.Core.Tests", "test\SOTA.DeviceEmulator.Core.Tests\SOTA.DeviceEmulator.Core.Tests.csproj", "{265A5EE9-284B-4192-8258-EF64EF709135}"
EndProject
Project("{9A19103F-16F7-4668-BE54-9A1E7A4F7556}") = "SOTA.DeviceEmulator.Build", "tools\SOTA.DeviceEmulator.Build\SOTA.DeviceEmulator.Build.csproj", "{FAB35992-40E0-4EF7-AB53-127D97E993ED}"
EndProject
Project("{2150E333-8FDC-42A3-9474-1A3956D46DE8}") = "Tools", "Tools", "{CEB9DF26-8BDB-4ACF-B69C-35E803D5C997}"
	ProjectSection(SolutionItems) = preProject
		.editorconfig = .editorconfig
		.gitignore = .gitignore
	EndProjectSection
EndProject
Global
	GlobalSection(SolutionConfigurationPlatforms) = preSolution
		Debug|Any CPU = Debug|Any CPU
		Release|Any CPU = Release|Any CPU
	EndGlobalSection
	GlobalSection(ProjectConfigurationPlatforms) = postSolution
		{B2C3F20C-B53B-4DE2-AE34-87BB6D98B099}.Debug|Any CPU.ActiveCfg = Debug|Any CPU
		{B2C3F20C-B53B-4DE2-AE34-87BB6D98B099}.Debug|Any CPU.Build.0 = Debug|Any CPU
		{B2C3F20C-B53B-4DE2-AE34-87BB6D98B099}.Release|Any CPU.ActiveCfg = Release|Any CPU
		{B2C3F20C-B53B-4DE2-AE34-87BB6D98B099}.Release|Any CPU.Build.0 = Release|Any CPU
		{F4B4D2DA-1097-477A-ABBD-4E01532911C0}.Debug|Any CPU.ActiveCfg = Debug|Any CPU
		{F4B4D2DA-1097-477A-ABBD-4E01532911C0}.Debug|Any CPU.Build.0 = Debug|Any CPU
		{F4B4D2DA-1097-477A-ABBD-4E01532911C0}.Release|Any CPU.ActiveCfg = Release|Any CPU
		{F4B4D2DA-1097-477A-ABBD-4E01532911C0}.Release|Any CPU.Build.0 = Release|Any CPU
		{265A5EE9-284B-4192-8258-EF64EF709135}.Debug|Any CPU.ActiveCfg = Debug|Any CPU
		{265A5EE9-284B-4192-8258-EF64EF709135}.Debug|Any CPU.Build.0 = Debug|Any CPU
		{265A5EE9-284B-4192-8258-EF64EF709135}.Release|Any CPU.ActiveCfg = Release|Any CPU
		{265A5EE9-284B-4192-8258-EF64EF709135}.Release|Any CPU.Build.0 = Release|Any CPU
		{FAB35992-40E0-4EF7-AB53-127D97E993ED}.Debug|Any CPU.ActiveCfg = Debug|Any CPU
		{FAB35992-40E0-4EF7-AB53-127D97E993ED}.Release|Any CPU.ActiveCfg = Release|Any CPU
	EndGlobalSection
	GlobalSection(SolutionProperties) = preSolution
		HideSolutionNode = FALSE
	EndGlobalSection
	GlobalSection(NestedProjects) = preSolution
		{B2C3F20C-B53B-4DE2-AE34-87BB6D98B099} = {61569584-CC86-438C-A389-720169F1416C}
		{F4B4D2DA-1097-477A-ABBD-4E01532911C0} = {61569584-CC86-438C-A389-720169F1416C}
		{265A5EE9-284B-4192-8258-EF64EF709135} = {61569584-CC86-438C-A389-720169F1416C}
		{FAB35992-40E0-4EF7-AB53-127D97E993ED} = {CEB9DF26-8BDB-4ACF-B69C-35E803D5C997}
	EndGlobalSection
	GlobalSection(ExtensibilityGlobals) = postSolution
		SolutionGuid = {9FA9F07C-759F-4351-8FBF-4D597C0D70C2}
	EndGlobalSection
EndGlobal
